// !$*UTF8*$!
{
	archiveVersion = 1;
	classes = {
	};
	objectVersion = 50;
	objects = {

/* Begin PBXBuildFile section */
		8435411323FE7F2C005B5F20 /* AppDelegate.swift in Sources */ = {isa = PBXBuildFile; fileRef = 8435411223FE7F2C005B5F20 /* AppDelegate.swift */; };
		8435411523FE7F2C005B5F20 /* SceneDelegate.swift in Sources */ = {isa = PBXBuildFile; fileRef = 8435411423FE7F2C005B5F20 /* SceneDelegate.swift */; };
		8435411823FE7F2C005B5F20 /* TemboV1.xcdatamodeld in Sources */ = {isa = PBXBuildFile; fileRef = 8435411623FE7F2C005B5F20 /* TemboV1.xcdatamodeld */; };
		8435411A23FE7F2C005B5F20 /* ContentView.swift in Sources */ = {isa = PBXBuildFile; fileRef = 8435411923FE7F2C005B5F20 /* ContentView.swift */; };
		8435411C23FE7F2F005B5F20 /* Assets.xcassets in Resources */ = {isa = PBXBuildFile; fileRef = 8435411B23FE7F2F005B5F20 /* Assets.xcassets */; };
		8435411F23FE7F2F005B5F20 /* Preview Assets.xcassets in Resources */ = {isa = PBXBuildFile; fileRef = 8435411E23FE7F2F005B5F20 /* Preview Assets.xcassets */; };
		8435412223FE7F2F005B5F20 /* LaunchScreen.storyboard in Resources */ = {isa = PBXBuildFile; fileRef = 8435412023FE7F2F005B5F20 /* LaunchScreen.storyboard */; };
		8435412D23FE7F2F005B5F20 /* TemboV1Tests.swift in Sources */ = {isa = PBXBuildFile; fileRef = 8435412C23FE7F2F005B5F20 /* TemboV1Tests.swift */; };
		8435413823FE7F2F005B5F20 /* TemboV1UITests.swift in Sources */ = {isa = PBXBuildFile; fileRef = 8435413723FE7F2F005B5F20 /* TemboV1UITests.swift */; };
/* End PBXBuildFile section */

/* Begin PBXContainerItemProxy section */
		8435412923FE7F2F005B5F20 /* PBXContainerItemProxy */ = {
			isa = PBXContainerItemProxy;
			containerPortal = 8435410723FE7F2B005B5F20 /* Project object */;
			proxyType = 1;
			remoteGlobalIDString = 8435410E23FE7F2B005B5F20;
			remoteInfo = TemboV1;
		};
		8435413423FE7F2F005B5F20 /* PBXContainerItemProxy */ = {
			isa = PBXContainerItemProxy;
			containerPortal = 8435410723FE7F2B005B5F20 /* Project object */;
			proxyType = 1;
			remoteGlobalIDString = 8435410E23FE7F2B005B5F20;
			remoteInfo = TemboV1;
		};
/* End PBXContainerItemProxy section */

/* Begin PBXFileReference section */
		8435410F23FE7F2B005B5F20 /* TemboV1.app */ = {isa = PBXFileReference; explicitFileType = wrapper.application; includeInIndex = 0; path = TemboV1.app; sourceTree = BUILT_PRODUCTS_DIR; };
		8435411223FE7F2C005B5F20 /* AppDelegate.swift */ = {isa = PBXFileReference; lastKnownFileType = sourcecode.swift; path = AppDelegate.swift; sourceTree = "<group>"; };
		8435411423FE7F2C005B5F20 /* SceneDelegate.swift */ = {isa = PBXFileReference; lastKnownFileType = sourcecode.swift; path = SceneDelegate.swift; sourceTree = "<group>"; };
		8435411723FE7F2C005B5F20 /* TemboV1.xcdatamodel */ = {isa = PBXFileReference; lastKnownFileType = wrapper.xcdatamodel; path = TemboV1.xcdatamodel; sourceTree = "<group>"; };
		8435411923FE7F2C005B5F20 /* ContentView.swift */ = {isa = PBXFileReference; lastKnownFileType = sourcecode.swift; path = ContentView.swift; sourceTree = "<group>"; };
		8435411B23FE7F2F005B5F20 /* Assets.xcassets */ = {isa = PBXFileReference; lastKnownFileType = folder.assetcatalog; path = Assets.xcassets; sourceTree = "<group>"; };
		8435411E23FE7F2F005B5F20 /* Preview Assets.xcassets */ = {isa = PBXFileReference; lastKnownFileType = folder.assetcatalog; path = "Preview Assets.xcassets"; sourceTree = "<group>"; };
		8435412123FE7F2F005B5F20 /* Base */ = {isa = PBXFileReference; lastKnownFileType = file.storyboard; name = Base; path = Base.lproj/LaunchScreen.storyboard; sourceTree = "<group>"; };
		8435412323FE7F2F005B5F20 /* Info.plist */ = {isa = PBXFileReference; lastKnownFileType = text.plist.xml; path = Info.plist; sourceTree = "<group>"; };
		8435412823FE7F2F005B5F20 /* TemboV1Tests.xctest */ = {isa = PBXFileReference; explicitFileType = wrapper.cfbundle; includeInIndex = 0; path = TemboV1Tests.xctest; sourceTree = BUILT_PRODUCTS_DIR; };
		8435412C23FE7F2F005B5F20 /* TemboV1Tests.swift */ = {isa = PBXFileReference; lastKnownFileType = sourcecode.swift; path = TemboV1Tests.swift; sourceTree = "<group>"; };
		8435412E23FE7F2F005B5F20 /* Info.plist */ = {isa = PBXFileReference; lastKnownFileType = text.plist.xml; path = Info.plist; sourceTree = "<group>"; };
		8435413323FE7F2F005B5F20 /* TemboV1UITests.xctest */ = {isa = PBXFileReference; explicitFileType = wrapper.cfbundle; includeInIndex = 0; path = TemboV1UITests.xctest; sourceTree = BUILT_PRODUCTS_DIR; };
		8435413723FE7F2F005B5F20 /* TemboV1UITests.swift */ = {isa = PBXFileReference; lastKnownFileType = sourcecode.swift; path = TemboV1UITests.swift; sourceTree = "<group>"; };
		8435413923FE7F2F005B5F20 /* Info.plist */ = {isa = PBXFileReference; lastKnownFileType = text.plist.xml; path = Info.plist; sourceTree = "<group>"; };
/* End PBXFileReference section */

/* Begin PBXFrameworksBuildPhase section */
		8435410C23FE7F2B005B5F20 /* Frameworks */ = {
			isa = PBXFrameworksBuildPhase;
			buildActionMask = 2147483647;
			files = (
			);
			runOnlyForDeploymentPostprocessing = 0;
		};
		8435412523FE7F2F005B5F20 /* Frameworks */ = {
			isa = PBXFrameworksBuildPhase;
			buildActionMask = 2147483647;
			files = (
			);
			runOnlyForDeploymentPostprocessing = 0;
		};
		8435413023FE7F2F005B5F20 /* Frameworks */ = {
			isa = PBXFrameworksBuildPhase;
			buildActionMask = 2147483647;
			files = (
			);
			runOnlyForDeploymentPostprocessing = 0;
		};
/* End PBXFrameworksBuildPhase section */

/* Begin PBXGroup section */
		8435410623FE7F2B005B5F20 = {
			isa = PBXGroup;
			children = (
				8435411123FE7F2B005B5F20 /* TemboV1 */,
				8435412B23FE7F2F005B5F20 /* TemboV1Tests */,
				8435413623FE7F2F005B5F20 /* TemboV1UITests */,
				8435411023FE7F2B005B5F20 /* Products */,
			);
			sourceTree = "<group>";
		};
		8435411023FE7F2B005B5F20 /* Products */ = {
			isa = PBXGroup;
			children = (
				8435410F23FE7F2B005B5F20 /* TemboV1.app */,
				8435412823FE7F2F005B5F20 /* TemboV1Tests.xctest */,
				8435413323FE7F2F005B5F20 /* TemboV1UITests.xctest */,
			);
			name = Products;
			sourceTree = "<group>";
		};
		8435411123FE7F2B005B5F20 /* TemboV1 */ = {
			isa = PBXGroup;
			children = (
				8435411223FE7F2C005B5F20 /* AppDelegate.swift */,
				8435411423FE7F2C005B5F20 /* SceneDelegate.swift */,
				8435411923FE7F2C005B5F20 /* ContentView.swift */,
				8435411B23FE7F2F005B5F20 /* Assets.xcassets */,
				8435412023FE7F2F005B5F20 /* LaunchScreen.storyboard */,
				8435412323FE7F2F005B5F20 /* Info.plist */,
				8435411623FE7F2C005B5F20 /* TemboV1.xcdatamodeld */,
				8435411D23FE7F2F005B5F20 /* Preview Content */,
			);
			path = TemboV1;
			sourceTree = "<group>";
		};
		8435411D23FE7F2F005B5F20 /* Preview Content */ = {
			isa = PBXGroup;
			children = (
				8435411E23FE7F2F005B5F20 /* Preview Assets.xcassets */,
			);
			path = "Preview Content";
			sourceTree = "<group>";
		};
		8435412B23FE7F2F005B5F20 /* TemboV1Tests */ = {
			isa = PBXGroup;
			children = (
				8435412C23FE7F2F005B5F20 /* TemboV1Tests.swift */,
				8435412E23FE7F2F005B5F20 /* Info.plist */,
			);
			path = TemboV1Tests;
			sourceTree = "<group>";
		};
		8435413623FE7F2F005B5F20 /* TemboV1UITests */ = {
			isa = PBXGroup;
			children = (
				8435413723FE7F2F005B5F20 /* TemboV1UITests.swift */,
				8435413923FE7F2F005B5F20 /* Info.plist */,
			);
			path = TemboV1UITests;
			sourceTree = "<group>";
		};
/* End PBXGroup section */

/* Begin PBXNativeTarget section */
		8435410E23FE7F2B005B5F20 /* TemboV1 */ = {
			isa = PBXNativeTarget;
			buildConfigurationList = 8435413C23FE7F2F005B5F20 /* Build configuration list for PBXNativeTarget "TemboV1" */;
			buildPhases = (
				8435410B23FE7F2B005B5F20 /* Sources */,
				8435410C23FE7F2B005B5F20 /* Frameworks */,
				8435410D23FE7F2B005B5F20 /* Resources */,
			);
			buildRules = (
			);
			dependencies = (
			);
			name = TemboV1;
			productName = TemboV1;
			productReference = 8435410F23FE7F2B005B5F20 /* TemboV1.app */;
			productType = "com.apple.product-type.application";
		};
		8435412723FE7F2F005B5F20 /* TemboV1Tests */ = {
			isa = PBXNativeTarget;
			buildConfigurationList = 8435413F23FE7F2F005B5F20 /* Build configuration list for PBXNativeTarget "TemboV1Tests" */;
			buildPhases = (
				8435412423FE7F2F005B5F20 /* Sources */,
				8435412523FE7F2F005B5F20 /* Frameworks */,
				8435412623FE7F2F005B5F20 /* Resources */,
			);
			buildRules = (
			);
			dependencies = (
				8435412A23FE7F2F005B5F20 /* PBXTargetDependency */,
			);
			name = TemboV1Tests;
			productName = TemboV1Tests;
			productReference = 8435412823FE7F2F005B5F20 /* TemboV1Tests.xctest */;
			productType = "com.apple.product-type.bundle.unit-test";
		};
		8435413223FE7F2F005B5F20 /* TemboV1UITests */ = {
			isa = PBXNativeTarget;
			buildConfigurationList = 8435414223FE7F2F005B5F20 /* Build configuration list for PBXNativeTarget "TemboV1UITests" */;
			buildPhases = (
				8435412F23FE7F2F005B5F20 /* Sources */,
				8435413023FE7F2F005B5F20 /* Frameworks */,
				8435413123FE7F2F005B5F20 /* Resources */,
			);
			buildRules = (
			);
			dependencies = (
				8435413523FE7F2F005B5F20 /* PBXTargetDependency */,
			);
			name = TemboV1UITests;
			productName = TemboV1UITests;
			productReference = 8435413323FE7F2F005B5F20 /* TemboV1UITests.xctest */;
			productType = "com.apple.product-type.bundle.ui-testing";
		};
/* End PBXNativeTarget section */

/* Begin PBXProject section */
		8435410723FE7F2B005B5F20 /* Project object */ = {
			isa = PBXProject;
			attributes = {
				LastSwiftUpdateCheck = 1130;
				LastUpgradeCheck = 1130;
				ORGANIZATIONNAME = James;
				TargetAttributes = {
					8435410E23FE7F2B005B5F20 = {
						CreatedOnToolsVersion = 11.3.1;
					};
					8435412723FE7F2F005B5F20 = {
						CreatedOnToolsVersion = 11.3.1;
						TestTargetID = 8435410E23FE7F2B005B5F20;
					};
					8435413223FE7F2F005B5F20 = {
						CreatedOnToolsVersion = 11.3.1;
						TestTargetID = 8435410E23FE7F2B005B5F20;
					};
				};
			};
			buildConfigurationList = 8435410A23FE7F2B005B5F20 /* Build configuration list for PBXProject "TemboV1" */;
			compatibilityVersion = "Xcode 9.3";
			developmentRegion = en;
			hasScannedForEncodings = 0;
			knownRegions = (
				en,
				Base,
			);
			mainGroup = 8435410623FE7F2B005B5F20;
			productRefGroup = 8435411023FE7F2B005B5F20 /* Products */;
			projectDirPath = "";
			projectRoot = "";
			targets = (
				8435410E23FE7F2B005B5F20 /* TemboV1 */,
				8435412723FE7F2F005B5F20 /* TemboV1Tests */,
				8435413223FE7F2F005B5F20 /* TemboV1UITests */,
			);
		};
/* End PBXProject section */

/* Begin PBXResourcesBuildPhase section */
		8435410D23FE7F2B005B5F20 /* Resources */ = {
			isa = PBXResourcesBuildPhase;
			buildActionMask = 2147483647;
			files = (
				8435412223FE7F2F005B5F20 /* LaunchScreen.storyboard in Resources */,
				8435411F23FE7F2F005B5F20 /* Preview Assets.xcassets in Resources */,
				8435411C23FE7F2F005B5F20 /* Assets.xcassets in Resources */,
			);
			runOnlyForDeploymentPostprocessing = 0;
		};
		8435412623FE7F2F005B5F20 /* Resources */ = {
			isa = PBXResourcesBuildPhase;
			buildActionMask = 2147483647;
			files = (
			);
			runOnlyForDeploymentPostprocessing = 0;
		};
		8435413123FE7F2F005B5F20 /* Resources */ = {
			isa = PBXResourcesBuildPhase;
			buildActionMask = 2147483647;
			files = (
			);
			runOnlyForDeploymentPostprocessing = 0;
		};
/* End PBXResourcesBuildPhase section */

/* Begin PBXSourcesBuildPhase section */
		8435410B23FE7F2B005B5F20 /* Sources */ = {
			isa = PBXSourcesBuildPhase;
			buildActionMask = 2147483647;
			files = (
				8435411823FE7F2C005B5F20 /* TemboV1.xcdatamodeld in Sources */,
				8435411323FE7F2C005B5F20 /* AppDelegate.swift in Sources */,
				8435411A23FE7F2C005B5F20 /* ContentView.swift in Sources */,
				8435411523FE7F2C005B5F20 /* SceneDelegate.swift in Sources */,
			);
			runOnlyForDeploymentPostprocessing = 0;
		};
		8435412423FE7F2F005B5F20 /* Sources */ = {
			isa = PBXSourcesBuildPhase;
			buildActionMask = 2147483647;
			files = (
				8435412D23FE7F2F005B5F20 /* TemboV1Tests.swift in Sources */,
			);
			runOnlyForDeploymentPostprocessing = 0;
		};
		8435412F23FE7F2F005B5F20 /* Sources */ = {
			isa = PBXSourcesBuildPhase;
			buildActionMask = 2147483647;
			files = (
				8435413823FE7F2F005B5F20 /* TemboV1UITests.swift in Sources */,
			);
			runOnlyForDeploymentPostprocessing = 0;
		};
/* End PBXSourcesBuildPhase section */

/* Begin PBXTargetDependency section */
		8435412A23FE7F2F005B5F20 /* PBXTargetDependency */ = {
			isa = PBXTargetDependency;
			target = 8435410E23FE7F2B005B5F20 /* TemboV1 */;
			targetProxy = 8435412923FE7F2F005B5F20 /* PBXContainerItemProxy */;
		};
		8435413523FE7F2F005B5F20 /* PBXTargetDependency */ = {
			isa = PBXTargetDependency;
			target = 8435410E23FE7F2B005B5F20 /* TemboV1 */;
			targetProxy = 8435413423FE7F2F005B5F20 /* PBXContainerItemProxy */;
		};
/* End PBXTargetDependency section */

/* Begin PBXVariantGroup section */
		8435412023FE7F2F005B5F20 /* LaunchScreen.storyboard */ = {
			isa = PBXVariantGroup;
			children = (
				8435412123FE7F2F005B5F20 /* Base */,
			);
			name = LaunchScreen.storyboard;
			sourceTree = "<group>";
		};
/* End PBXVariantGroup section */

/* Begin XCBuildConfiguration section */
		8435413A23FE7F2F005B5F20 /* Debug */ = {
			isa = XCBuildConfiguration;
			buildSettings = {
				ALWAYS_SEARCH_USER_PATHS = NO;
				CLANG_ANALYZER_NONNULL = YES;
				CLANG_ANALYZER_NUMBER_OBJECT_CONVERSION = YES_AGGRESSIVE;
				CLANG_CXX_LANGUAGE_STANDARD = "gnu++14";
				CLANG_CXX_LIBRARY = "libc++";
				CLANG_ENABLE_MODULES = YES;
				CLANG_ENABLE_OBJC_ARC = YES;
				CLANG_ENABLE_OBJC_WEAK = YES;
				CLANG_WARN_BLOCK_CAPTURE_AUTORELEASING = YES;
				CLANG_WARN_BOOL_CONVERSION = YES;
				CLANG_WARN_COMMA = YES;
				CLANG_WARN_CONSTANT_CONVERSION = YES;
				CLANG_WARN_DEPRECATED_OBJC_IMPLEMENTATIONS = YES;
				CLANG_WARN_DIRECT_OBJC_ISA_USAGE = YES_ERROR;
				CLANG_WARN_DOCUMENTATION_COMMENTS = YES;
				CLANG_WARN_EMPTY_BODY = YES;
				CLANG_WARN_ENUM_CONVERSION = YES;
				CLANG_WARN_INFINITE_RECURSION = YES;
				CLANG_WARN_INT_CONVERSION = YES;
				CLANG_WARN_NON_LITERAL_NULL_CONVERSION = YES;
				CLANG_WARN_OBJC_IMPLICIT_RETAIN_SELF = YES;
				CLANG_WARN_OBJC_LITERAL_CONVERSION = YES;
				CLANG_WARN_OBJC_ROOT_CLASS = YES_ERROR;
				CLANG_WARN_RANGE_LOOP_ANALYSIS = YES;
				CLANG_WARN_STRICT_PROTOTYPES = YES;
				CLANG_WARN_SUSPICIOUS_MOVE = YES;
				CLANG_WARN_UNGUARDED_AVAILABILITY = YES_AGGRESSIVE;
				CLANG_WARN_UNREACHABLE_CODE = YES;
				CLANG_WARN__DUPLICATE_METHOD_MATCH = YES;
				COPY_PHASE_STRIP = NO;
				DEBUG_INFORMATION_FORMAT = dwarf;
				ENABLE_STRICT_OBJC_MSGSEND = YES;
				ENABLE_TESTABILITY = YES;
				GCC_C_LANGUAGE_STANDARD = gnu11;
				GCC_DYNAMIC_NO_PIC = NO;
				GCC_NO_COMMON_BLOCKS = YES;
				GCC_OPTIMIZATION_LEVEL = 0;
				GCC_PREPROCESSOR_DEFINITIONS = (
					"DEBUG=1",
					"$(inherited)",
				);
				GCC_WARN_64_TO_32_BIT_CONVERSION = YES;
				GCC_WARN_ABOUT_RETURN_TYPE = YES_ERROR;
				GCC_WARN_UNDECLARED_SELECTOR = YES;
				GCC_WARN_UNINITIALIZED_AUTOS = YES_AGGRESSIVE;
				GCC_WARN_UNUSED_FUNCTION = YES;
				GCC_WARN_UNUSED_VARIABLE = YES;
				IPHONEOS_DEPLOYMENT_TARGET = 13.2;
				MTL_ENABLE_DEBUG_INFO = INCLUDE_SOURCE;
				MTL_FAST_MATH = YES;
				ONLY_ACTIVE_ARCH = YES;
				SDKROOT = iphoneos;
				SWIFT_ACTIVE_COMPILATION_CONDITIONS = DEBUG;
				SWIFT_OPTIMIZATION_LEVEL = "-Onone";
			};
			name = Debug;
		};
		8435413B23FE7F2F005B5F20 /* Release */ = {
			isa = XCBuildConfiguration;
			buildSettings = {
				ALWAYS_SEARCH_USER_PATHS = NO;
				CLANG_ANALYZER_NONNULL = YES;
				CLANG_ANALYZER_NUMBER_OBJECT_CONVERSION = YES_AGGRESSIVE;
				CLANG_CXX_LANGUAGE_STANDARD = "gnu++14";
				CLANG_CXX_LIBRARY = "libc++";
				CLANG_ENABLE_MODULES = YES;
				CLANG_ENABLE_OBJC_ARC = YES;
				CLANG_ENABLE_OBJC_WEAK = YES;
				CLANG_WARN_BLOCK_CAPTURE_AUTORELEASING = YES;
				CLANG_WARN_BOOL_CONVERSION = YES;
				CLANG_WARN_COMMA = YES;
				CLANG_WARN_CONSTANT_CONVERSION = YES;
				CLANG_WARN_DEPRECATED_OBJC_IMPLEMENTATIONS = YES;
				CLANG_WARN_DIRECT_OBJC_ISA_USAGE = YES_ERROR;
				CLANG_WARN_DOCUMENTATION_COMMENTS = YES;
				CLANG_WARN_EMPTY_BODY = YES;
				CLANG_WARN_ENUM_CONVERSION = YES;
				CLANG_WARN_INFINITE_RECURSION = YES;
				CLANG_WARN_INT_CONVERSION = YES;
				CLANG_WARN_NON_LITERAL_NULL_CONVERSION = YES;
				CLANG_WARN_OBJC_IMPLICIT_RETAIN_SELF = YES;
				CLANG_WARN_OBJC_LITERAL_CONVERSION = YES;
				CLANG_WARN_OBJC_ROOT_CLASS = YES_ERROR;
				CLANG_WARN_RANGE_LOOP_ANALYSIS = YES;
				CLANG_WARN_STRICT_PROTOTYPES = YES;
				CLANG_WARN_SUSPICIOUS_MOVE = YES;
				CLANG_WARN_UNGUARDED_AVAILABILITY = YES_AGGRESSIVE;
				CLANG_WARN_UNREACHABLE_CODE = YES;
				CLANG_WARN__DUPLICATE_METHOD_MATCH = YES;
				COPY_PHASE_STRIP = NO;
				DEBUG_INFORMATION_FORMAT = "dwarf-with-dsym";
				ENABLE_NS_ASSERTIONS = NO;
				ENABLE_STRICT_OBJC_MSGSEND = YES;
				GCC_C_LANGUAGE_STANDARD = gnu11;
				GCC_NO_COMMON_BLOCKS = YES;
				GCC_WARN_64_TO_32_BIT_CONVERSION = YES;
				GCC_WARN_ABOUT_RETURN_TYPE = YES_ERROR;
				GCC_WARN_UNDECLARED_SELECTOR = YES;
				GCC_WARN_UNINITIALIZED_AUTOS = YES_AGGRESSIVE;
				GCC_WARN_UNUSED_FUNCTION = YES;
				GCC_WARN_UNUSED_VARIABLE = YES;
				IPHONEOS_DEPLOYMENT_TARGET = 13.2;
				MTL_ENABLE_DEBUG_INFO = NO;
				MTL_FAST_MATH = YES;
				SDKROOT = iphoneos;
				SWIFT_COMPILATION_MODE = wholemodule;
				SWIFT_OPTIMIZATION_LEVEL = "-O";
				VALIDATE_PRODUCT = YES;
			};
			name = Release;
		};
		8435413D23FE7F2F005B5F20 /* Debug */ = {
			isa = XCBuildConfiguration;
			buildSettings = {
				ASSETCATALOG_COMPILER_APPICON_NAME = AppIcon;
				CODE_SIGN_STYLE = Automatic;
				DEVELOPMENT_ASSET_PATHS = "\"TemboV1/Preview Content\"";
				ENABLE_PREVIEWS = YES;
				INFOPLIST_FILE = TemboV1/Info.plist;
				LD_RUNPATH_SEARCH_PATHS = (
					"$(inherited)",
					"@executable_path/Frameworks",
				);
				PRODUCT_BUNDLE_IDENTIFIER = beamie.TemboV1;
				PRODUCT_NAME = "$(TARGET_NAME)";
				SWIFT_VERSION = 5.0;
				TARGETED_DEVICE_FAMILY = "1,2";
			};
			name = Debug;
		};
		8435413E23FE7F2F005B5F20 /* Release */ = {
			isa = XCBuildConfiguration;
			buildSettings = {
				ASSETCATALOG_COMPILER_APPICON_NAME = AppIcon;
				CODE_SIGN_STYLE = Automatic;
				DEVELOPMENT_ASSET_PATHS = "\"TemboV1/Preview Content\"";
				ENABLE_PREVIEWS = YES;
				INFOPLIST_FILE = TemboV1/Info.plist;
				LD_RUNPATH_SEARCH_PATHS = (
					"$(inherited)",
					"@executable_path/Frameworks",
				);
				PRODUCT_BUNDLE_IDENTIFIER = beamie.TemboV1;
				PRODUCT_NAME = "$(TARGET_NAME)";
				SWIFT_VERSION = 5.0;
				TARGETED_DEVICE_FAMILY = "1,2";
			};
			name = Release;
		};
		8435414023FE7F2F005B5F20 /* Debug */ = {
			isa = XCBuildConfiguration;
			buildSettings = {
				ALWAYS_EMBED_SWIFT_STANDARD_LIBRARIES = YES;
				BUNDLE_LOADER = "$(TEST_HOST)";
				CODE_SIGN_STYLE = Automatic;
				INFOPLIST_FILE = TemboV1Tests/Info.plist;
				IPHONEOS_DEPLOYMENT_TARGET = 13.2;
				LD_RUNPATH_SEARCH_PATHS = (
					"$(inherited)",
					"@executable_path/Frameworks",
					"@loader_path/Frameworks",
				);
				PRODUCT_BUNDLE_IDENTIFIER = beamie.TemboV1Tests;
				PRODUCT_NAME = "$(TARGET_NAME)";
				SWIFT_VERSION = 5.0;
				TARGETED_DEVICE_FAMILY = "1,2";
				TEST_HOST = "$(BUILT_PRODUCTS_DIR)/TemboV1.app/TemboV1";
			};
			name = Debug;
		};
		8435414123FE7F2F005B5F20 /* Release */ = {
			isa = XCBuildConfiguration;
			buildSettings = {
				ALWAYS_EMBED_SWIFT_STANDARD_LIBRARIES = YES;
				BUNDLE_LOADER = "$(TEST_HOST)";
				CODE_SIGN_STYLE = Automatic;
				INFOPLIST_FILE = TemboV1Tests/Info.plist;
				IPHONEOS_DEPLOYMENT_TARGET = 13.2;
				LD_RUNPATH_SEARCH_PATHS = (
					"$(inherited)",
					"@executable_path/Frameworks",
					"@loader_path/Frameworks",
				);
				PRODUCT_BUNDLE_IDENTIFIER = beamie.TemboV1Tests;
				PRODUCT_NAME = "$(TARGET_NAME)";
				SWIFT_VERSION = 5.0;
				TARGETED_DEVICE_FAMILY = "1,2";
				TEST_HOST = "$(BUILT_PRODUCTS_DIR)/TemboV1.app/TemboV1";
			};
			name = Release;
		};
		8435414323FE7F2F005B5F20 /* Debug */ = {
			isa = XCBuildConfiguration;
			buildSettings = {
				ALWAYS_EMBED_SWIFT_STANDARD_LIBRARIES = YES;
				CODE_SIGN_STYLE = Automatic;
				INFOPLIST_FILE = TemboV1UITests/Info.plist;
				LD_RUNPATH_SEARCH_PATHS = (
					"$(inherited)",
					"@executable_path/Frameworks",
					"@loader_path/Frameworks",
				);
				PRODUCT_BUNDLE_IDENTIFIER = beamie.TemboV1UITests;
				PRODUCT_NAME = "$(TARGET_NAME)";
				SWIFT_VERSION = 5.0;
				TARGETED_DEVICE_FAMILY = "1,2";
				TEST_TARGET_NAME = TemboV1;
			};
			name = Debug;
		};
		8435414423FE7F2F005B5F20 /* Release */ = {
			isa = XCBuildConfiguration;
			buildSettings = {
				ALWAYS_EMBED_SWIFT_STANDARD_LIBRARIES = YES;
				CODE_SIGN_STYLE = Automatic;
				INFOPLIST_FILE = TemboV1UITests/Info.plist;
				LD_RUNPATH_SEARCH_PATHS = (
					"$(inherited)",
					"@executable_path/Frameworks",
					"@loader_path/Frameworks",
				);
				PRODUCT_BUNDLE_IDENTIFIER = beamie.TemboV1UITests;
				PRODUCT_NAME = "$(TARGET_NAME)";
				SWIFT_VERSION = 5.0;
				TARGETED_DEVICE_FAMILY = "1,2";
				TEST_TARGET_NAME = TemboV1;
			};
			name = Release;
		};
/* End XCBuildConfiguration section */

/* Begin XCConfigurationList section */
		8435410A23FE7F2B005B5F20 /* Build configuration list for PBXProject "TemboV1" */ = {
			isa = XCConfigurationList;
			buildConfigurations = (
				8435413A23FE7F2F005B5F20 /* Debug */,
				8435413B23FE7F2F005B5F20 /* Release */,
			);
			defaultConfigurationIsVisible = 0;
			defaultConfigurationName = Release;
		};
		8435413C23FE7F2F005B5F20 /* Build configuration list for PBXNativeTarget "TemboV1" */ = {
			isa = XCConfigurationList;
			buildConfigurations = (
				8435413D23FE7F2F005B5F20 /* Debug */,
				8435413E23FE7F2F005B5F20 /* Release */,
			);
			defaultConfigurationIsVisible = 0;
			defaultConfigurationName = Release;
		};
		8435413F23FE7F2F005B5F20 /* Build configuration list for PBXNativeTarget "TemboV1Tests" */ = {
			isa = XCConfigurationList;
			buildConfigurations = (
				8435414023FE7F2F005B5F20 /* Debug */,
				8435414123FE7F2F005B5F20 /* Release */,
			);
			defaultConfigurationIsVisible = 0;
			defaultConfigurationName = Release;
		};
		8435414223FE7F2F005B5F20 /* Build configuration list for PBXNativeTarget "TemboV1UITests" */ = {
			isa = XCConfigurationList;
			buildConfigurations = (
				8435414323FE7F2F005B5F20 /* Debug */,
				8435414423FE7F2F005B5F20 /* Release */,
			);
			defaultConfigurationIsVisible = 0;
			defaultConfigurationName = Release;
		};
/* End XCConfigurationList section */

/* Begin XCVersionGroup section */
		8435411623FE7F2C005B5F20 /* TemboV1.xcdatamodeld */ = {
			isa = XCVersionGroup;
			children = (
				8435411723FE7F2C005B5F20 /* TemboV1.xcdatamodel */,
			);
			currentVersion = 8435411723FE7F2C005B5F20 /* TemboV1.xcdatamodel */;
			path = TemboV1.xcdatamodeld;
			sourceTree = "<group>";
			versionGroupType = wrapper.xcdatamodel;
		};
/* End XCVersionGroup section */
	};
	rootObject = 8435410723FE7F2B005B5F20 /* Project object */;
}
